
Microsoft Visual Studio Solution File, Format Version 12.00
# Visual Studio Version 17
VisualStudioVersion = 17.14.36518.9
MinimumVisualStudioVersion = 10.0.40219.1
Project("{FAE04EC0-301F-11D3-BF4B-00C04F79EFBC}") = "Interfaz", "Interfaz\Interfaz.csproj", "{2479E767-D065-4DDE-B9D1-C7B8F9FE3E2B}"
EndProject
Project("{FAE04EC0-301F-11D3-BF4B-00C04F79EFBC}") = "Logica", "Logica\Logica.csproj", "{6DEA9331-EE39-4E2C-84DB-CD47E5608B9E}"
EndProject
Global
	GlobalSection(SolutionConfigurationPlatforms) = preSolution
		Debug|Any CPU = Debug|Any CPU
		Release|Any CPU = Release|Any CPU
	EndGlobalSection
	GlobalSection(ProjectConfigurationPlatforms) = postSolution
		{2479E767-D065-4DDE-B9D1-C7B8F9FE3E2B}.Debug|Any CPU.ActiveCfg = Debug|Any CPU
		{2479E767-D065-4DDE-B9D1-C7B8F9FE3E2B}.Debug|Any CPU.Build.0 = Debug|Any CPU
		{2479E767-D065-4DDE-B9D1-C7B8F9FE3E2B}.Release|Any CPU.ActiveCfg = Release|Any CPU
		{2479E767-D065-4DDE-B9D1-C7B8F9FE3E2B}.Release|Any CPU.Build.0 = Release|Any CPU
		{6DEA9331-EE39-4E2C-84DB-CD47E5608B9E}.Debug|Any CPU.ActiveCfg = Debug|Any CPU
		{6DEA9331-EE39-4E2C-84DB-CD47E5608B9E}.Debug|Any CPU.Build.0 = Debug|Any CPU
		{6DEA9331-EE39-4E2C-84DB-CD47E5608B9E}.Release|Any CPU.ActiveCfg = Release|Any CPU
		{6DEA9331-EE39-4E2C-84DB-CD47E5608B9E}.Release|Any CPU.Build.0 = Release|Any CPU
	EndGlobalSection
	GlobalSection(SolutionProperties) = preSolution
		HideSolutionNode = FALSE
	EndGlobalSection
	GlobalSection(ExtensibilityGlobals) = postSolution
		SolutionGuid = {3F11021F-31E7-4574-97AD-6B3B98B7DFE8}
	EndGlobalSection
EndGlobal
